
Microsoft Visual Studio Solution File, Format Version 12.00
# Visual Studio Version 17
VisualStudioVersion = 17.14.36203.30 d17.14
MinimumVisualStudioVersion = 10.0.40219.1
Project("{888888A0-9F3D-457C-B088-3A5042F75D52}") = "futball", "futball\futball.pyproj", "{A1CD8829-EFEE-44DB-8C75-C074B3E383EB}"
EndProject
Global
	GlobalSection(SolutionConfigurationPlatforms) = preSolution
		Debug|Any CPU = Debug|Any CPU
		Release|Any CPU = Release|Any CPU
	EndGlobalSection
	GlobalSection(ProjectConfigurationPlatforms) = postSolution
		{A1CD8829-EFEE-44DB-8C75-C074B3E383EB}.Debug|Any CPU.ActiveCfg = Debug|Any CPU
		{A1CD8829-EFEE-44DB-8C75-C074B3E383EB}.Release|Any CPU.ActiveCfg = Release|Any CPU
	EndGlobalSection
	GlobalSection(SolutionProperties) = preSolution
		HideSolutionNode = FALSE
	EndGlobalSection
	GlobalSection(ExtensibilityGlobals) = postSolution
		SolutionGuid = {1D1607C7-72FF-4F6D-A4DD-14DE9CFA7F0F}
	EndGlobalSection
EndGlobal
