
Microsoft Visual Studio Solution File, Format Version 12.00
# Visual Studio Version 17
VisualStudioVersion = 17.14.36203.30 d17.14
MinimumVisualStudioVersion = 10.0.40219.1
Project("{888888A0-9F3D-457C-B088-3A5042F75D52}") = "PythonPractise", "PythonPractise\PythonPractise.pyproj", "{9DFA0EED-2285-4580-B2D1-AAAE35B35BA6}"
EndProject
Global
	GlobalSection(SolutionConfigurationPlatforms) = preSolution
		Debug|Any CPU = Debug|Any CPU
		Release|Any CPU = Release|Any CPU
	EndGlobalSection
	GlobalSection(ProjectConfigurationPlatforms) = postSolution
		{9DFA0EED-2285-4580-B2D1-AAAE35B35BA6}.Debug|Any CPU.ActiveCfg = Debug|Any CPU
		{9DFA0EED-2285-4580-B2D1-AAAE35B35BA6}.Release|Any CPU.ActiveCfg = Release|Any CPU
	EndGlobalSection
	GlobalSection(SolutionProperties) = preSolution
		HideSolutionNode = FALSE
	EndGlobalSection
	GlobalSection(ExtensibilityGlobals) = postSolution
		SolutionGuid = {A0148813-0D78-49AF-AA77-025FFC12404B}
	EndGlobalSection
EndGlobal
